Microsoft Visual Studio Solution File, Format Version 12.00
# Visual Studio Version 17
VisualStudioVersion = 17.5.2.0
MinimumVisualStudioVersion = 10.0.40219.1
Project("{FAE04EC0-301F-11D3-BF4B-00C04F79EFBC}") = "IcecreamShop", "IcecreamShop.csproj", "{09AB0876-5E38-C91C-3C0E-C55D2D0B4247}"
EndProject
Global
	GlobalSection(SolutionConfigurationPlatforms) = preSolution
		Debug|Any CPU = Debug|Any CPU
		Release|Any CPU = Release|Any CPU
	EndGlobalSection
	GlobalSection(ProjectConfigurationPlatforms) = postSolution
		{09AB0876-5E38-C91C-3C0E-C55D2D0B4247}.Debug|Any CPU.ActiveCfg = Debug|Any CPU
		{09AB0876-5E38-C91C-3C0E-C55D2D0B4247}.Debug|Any CPU.Build.0 = Debug|Any CPU
		{09AB0876-5E38-C91C-3C0E-C55D2D0B4247}.Release|Any CPU.ActiveCfg = Release|Any CPU
		{09AB0876-5E38-C91C-3C0E-C55D2D0B4247}.Release|Any CPU.Build.0 = Release|Any CPU
	EndGlobalSection
	GlobalSection(SolutionProperties) = preSolution
		HideSolutionNode = FALSE
	EndGlobalSection
	GlobalSection(ExtensibilityGlobals) = postSolution
		SolutionGuid = {8718779B-EE75-47C2-8DDA-F1941D96CF7A}
	EndGlobalSection
EndGlobal
